{
  "originHash" : "38b85f41194e321e86a4aa73c3ba3fee81a75bf81f1737d0edd61e9af858b020",
  "pins" : [
    {
      "identity" : "ios-maps-sdk",
      "kind" : "remoteSourceControl",
      "location" : "https://github.com/googlemaps/ios-maps-sdk",
      "state" : {
        "revision" : "037b29b55ee9ac4d93b6a686b292e75ba4c50fe5",
        "version" : "10.10.0"
      }
    },
    {
      "identity" : "ios-places-sdk",
      "kind" : "remoteSourceControl",
      "location" : "https://github.com/googlemaps/ios-places-sdk",
      "state" : {
        "revision" : "2960dc2278a84e1daf1f16b417c978a96920ecdd",
        "version" : "10.10.0"
      }
    }
  ],
  "version" : 3
}
